{
    "name": "front-bd",
    "version": "1.0.0-alpha",
    "lockfileVersion": 2,
    "requires": true,
    "packages": {
        "": {
            "name": "front-bd",
            "version": "1.0.0-alpha",
            "dependencies": {
                "backbone": "^1.4.0",
                "bootstrap": "^5.1.3",
                "jquery": "^3.4.1",
                "jquery-mask-plugin": "^1.14.16",
                "terser": "^4.4",
                "validate-bd": "github:boldhousedev/validate"
            }
        },
        "node_modules/@popperjs/core": {
            "version": "2.11.5",
            "resolved": "https://registry.npmjs.org/@popperjs/core/-/core-2.11.5.tgz",
            "integrity": "sha512-9X2obfABZuDVLCgPK9aX0a/x4jaOEweTTWE2+9sr0Qqqevj2Uv5XorvusThmc9XGYpS9yI+fhh8RTafBtGposw==",
            "peer": true,
            "funding": {
                "type": "opencollective",
                "url": "https://opencollective.com/popperjs"
            }
        },
        "node_modules/backbone": {
            "version": "1.4.1",
            "resolved": "https://registry.npmjs.org/backbone/-/backbone-1.4.1.tgz",
            "integrity": "sha512-ADy1ztN074YkWbHi8ojJVFe3vAanO/lrzMGZWUClIP7oDD/Pjy2vrASraUP+2EVCfIiTtCW4FChVow01XneivA==",
            "dependencies": {
                "underscore": ">=1.8.3"
            }
        },
        "node_modules/bootstrap": {
            "version": "5.1.3",
            "resolved": "https://registry.npmjs.org/bootstrap/-/bootstrap-5.1.3.tgz",
            "integrity": "sha512-fcQztozJ8jToQWXxVuEyXWW+dSo8AiXWKwiSSrKWsRB/Qt+Ewwza+JWoLKiTuQLaEPhdNAJ7+Dosc9DOIqNy7Q==",
            "funding": {
                "type": "opencollective",
                "url": "https://opencollective.com/bootstrap"
            },
            "peerDependencies": {
                "@popperjs/core": "^2.10.2"
            }
        },
        "node_modules/buffer-from": {
            "version": "1.1.2",
            "resolved": "https://registry.npmjs.org/buffer-from/-/buffer-from-1.1.2.tgz",
            "integrity": "sha512-E+XQCRwSbaaiChtv6k6Dwgc+bx+Bs6vuKJHHl5kox/BaKbhiXzqQOwK4cO22yElGp2OCmjwVhT3HmxgyPGnJfQ=="
        },
        "node_modules/commander": {
            "version": "2.20.3",
            "resolved": "https://registry.npmjs.org/commander/-/commander-2.20.3.tgz",
            "integrity": "sha512-GpVkmM8vF2vQUkj2LvZmD35JxeJOLCwJ9cUkugyk2nuhbv3+mJvpLYYt+0+USMxE+oj+ey/lJEnhZw75x/OMcQ=="
        },
        "node_modules/jquery": {
            "version": "3.6.0",
            "resolved": "https://registry.npmjs.org/jquery/-/jquery-3.6.0.tgz",
            "integrity": "sha512-JVzAR/AjBvVt2BmYhxRCSYysDsPcssdmTFnzyLEts9qNwmjmu4JTAMYubEfwVOSwpQ1I1sKKFcxhZCI2buerfw=="
        },
        "node_modules/jquery-mask-plugin": {
            "version": "1.14.16",
            "resolved": "https://registry.npmjs.org/jquery-mask-plugin/-/jquery-mask-plugin-1.14.16.tgz",
            "integrity": "sha512-reywdHlYEkPbzWjTpcc1fk9XQ3PLvO5dzEAVqy8zI7NTF22tB1HbeU3iboZTLdkBEPaWAqeI2HtEjsGQ4roZKw=="
        },
        "node_modules/lodash": {
            "version": "4.17.21",
            "resolved": "https://registry.npmjs.org/lodash/-/lodash-4.17.21.tgz",
            "integrity": "sha512-v2kDEe57lecTulaDIuNTPy3Ry4gLGJ6Z1O3vE1krgXZNrsQ+LFTGHVxVjcXPs17LhbZVGedAJv8XZ1tvj5FvSg=="
        },
        "node_modules/source-map": {
            "version": "0.6.1",
            "resolved": "https://registry.npmjs.org/source-map/-/source-map-0.6.1.tgz",
            "integrity": "sha512-UjgapumWlbMhkBgzT7Ykc5YXUT46F0iKu8SGXq0bcwP5dz/h0Plj6enJqjz1Zbq2l5WaqYnrVbwWOWMyF3F47g==",
            "engines": {
                "node": ">=0.10.0"
            }
        },
        "node_modules/source-map-support": {
            "version": "0.5.21",
            "resolved": "https://registry.npmjs.org/source-map-support/-/source-map-support-0.5.21.tgz",
            "integrity": "sha512-uBHU3L3czsIyYXKX88fdrGovxdSCoTGDRZ6SYXtSRxLZUzHg5P/66Ht6uoUlHu9EZod+inXhKo3qQgwXUT/y1w==",
            "dependencies": {
                "buffer-from": "^1.0.0",
                "source-map": "^0.6.0"
            }
        },
        "node_modules/terser": {
            "version": "4.8.1",
            "resolved": "https://registry.npmjs.org/terser/-/terser-4.8.1.tgz",
            "integrity": "sha512-4GnLC0x667eJG0ewJTa6z/yXrbLGv80D9Ru6HIpCQmO+Q4PfEtBFi0ObSckqwL6VyQv/7ENJieXHo2ANmdQwgw==",
            "dependencies": {
                "commander": "^2.20.0",
                "source-map": "~0.6.1",
                "source-map-support": "~0.5.12"
            },
            "bin": {
                "terser": "bin/terser"
            },
            "engines": {
                "node": ">=6.0.0"
            }
        },
        "node_modules/underscore": {
            "version": "1.13.4",
            "resolved": "https://registry.npmjs.org/underscore/-/underscore-1.13.4.tgz",
            "integrity": "sha512-BQFnUDuAQ4Yf/cYY5LNrK9NCJFKriaRbD9uR1fTeXnBeoa97W0i41qkZfGO9pSo8I5KzjAcSY2XYtdf0oKd7KQ=="
        },
        "node_modules/validate-bd": {
            "version": "2.1.0",
            "resolved": "git+ssh://git@github.com/boldhousedev/validate.git#f590f8bd453f5971944fbce46a4be84d53f34280",
            "license": "MIT",
            "dependencies": {
                "lodash": "^4.17.21"
            }
        }
    },
    "dependencies": {
        "@popperjs/core": {
            "version": "2.11.5",
            "resolved": "https://registry.npmjs.org/@popperjs/core/-/core-2.11.5.tgz",
            "integrity": "sha512-9X2obfABZuDVLCgPK9aX0a/x4jaOEweTTWE2+9sr0Qqqevj2Uv5XorvusThmc9XGYpS9yI+fhh8RTafBtGposw==",
            "peer": true
        },
        "backbone": {
            "version": "1.4.1",
            "resolved": "https://registry.npmjs.org/backbone/-/backbone-1.4.1.tgz",
            "integrity": "sha512-ADy1ztN074YkWbHi8ojJVFe3vAanO/lrzMGZWUClIP7oDD/Pjy2vrASraUP+2EVCfIiTtCW4FChVow01XneivA==",
            "requires": {
                "underscore": ">=1.8.3"
            }
        },
        "bootstrap": {
            "version": "5.1.3",
            "resolved": "https://registry.npmjs.org/bootstrap/-/bootstrap-5.1.3.tgz",
            "integrity": "sha512-fcQztozJ8jToQWXxVuEyXWW+dSo8AiXWKwiSSrKWsRB/Qt+Ewwza+JWoLKiTuQLaEPhdNAJ7+Dosc9DOIqNy7Q==",
            "requires": {}
        },
        "buffer-from": {
            "version": "1.1.2",
            "resolved": "https://registry.npmjs.org/buffer-from/-/buffer-from-1.1.2.tgz",
            "integrity": "sha512-E+XQCRwSbaaiChtv6k6Dwgc+bx+Bs6vuKJHHl5kox/BaKbhiXzqQOwK4cO22yElGp2OCmjwVhT3HmxgyPGnJfQ=="
        },
        "commander": {
            "version": "2.20.3",
            "resolved": "https://registry.npmjs.org/commander/-/commander-2.20.3.tgz",
            "integrity": "sha512-GpVkmM8vF2vQUkj2LvZmD35JxeJOLCwJ9cUkugyk2nuhbv3+mJvpLYYt+0+USMxE+oj+ey/lJEnhZw75x/OMcQ=="
        },
        "jquery": {
            "version": "3.6.0",
            "resolved": "https://registry.npmjs.org/jquery/-/jquery-3.6.0.tgz",
            "integrity": "sha512-JVzAR/AjBvVt2BmYhxRCSYysDsPcssdmTFnzyLEts9qNwmjmu4JTAMYubEfwVOSwpQ1I1sKKFcxhZCI2buerfw=="
        },
        "jquery-mask-plugin": {
            "version": "1.14.16",
            "resolved": "https://registry.npmjs.org/jquery-mask-plugin/-/jquery-mask-plugin-1.14.16.tgz",
            "integrity": "sha512-reywdHlYEkPbzWjTpcc1fk9XQ3PLvO5dzEAVqy8zI7NTF22tB1HbeU3iboZTLdkBEPaWAqeI2HtEjsGQ4roZKw=="
        },
        "lodash": {
            "version": "4.17.21",
            "resolved": "https://registry.npmjs.org/lodash/-/lodash-4.17.21.tgz",
            "integrity": "sha512-v2kDEe57lecTulaDIuNTPy3Ry4gLGJ6Z1O3vE1krgXZNrsQ+LFTGHVxVjcXPs17LhbZVGedAJv8XZ1tvj5FvSg=="
        },
        "source-map": {
            "version": "0.6.1",
            "resolved": "https://registry.npmjs.org/source-map/-/source-map-0.6.1.tgz",
            "integrity": "sha512-UjgapumWlbMhkBgzT7Ykc5YXUT46F0iKu8SGXq0bcwP5dz/h0Plj6enJqjz1Zbq2l5WaqYnrVbwWOWMyF3F47g=="
        },
        "source-map-support": {
            "version": "0.5.21",
            "resolved": "https://registry.npmjs.org/source-map-support/-/source-map-support-0.5.21.tgz",
            "integrity": "sha512-uBHU3L3czsIyYXKX88fdrGovxdSCoTGDRZ6SYXtSRxLZUzHg5P/66Ht6uoUlHu9EZod+inXhKo3qQgwXUT/y1w==",
            "requires": {
                "buffer-from": "^1.0.0",
                "source-map": "^0.6.0"
            }
        },
        "terser": {
            "version": "4.8.1",
            "resolved": "https://registry.npmjs.org/terser/-/terser-4.8.1.tgz",
            "integrity": "sha512-4GnLC0x667eJG0ewJTa6z/yXrbLGv80D9Ru6HIpCQmO+Q4PfEtBFi0ObSckqwL6VyQv/7ENJieXHo2ANmdQwgw==",
            "requires": {
                "commander": "^2.20.0",
                "source-map": "~0.6.1",
                "source-map-support": "~0.5.12"
            }
        },
        "underscore": {
            "version": "1.13.4",
            "resolved": "https://registry.npmjs.org/underscore/-/underscore-1.13.4.tgz",
            "integrity": "sha512-BQFnUDuAQ4Yf/cYY5LNrK9NCJFKriaRbD9uR1fTeXnBeoa97W0i41qkZfGO9pSo8I5KzjAcSY2XYtdf0oKd7KQ=="
        },
        "validate-bd": {
            "version": "git+ssh://git@github.com/boldhousedev/validate.git#f590f8bd453f5971944fbce46a4be84d53f34280",
            "from": "validate-bd@github:boldhousedev/validate",
            "requires": {
                "lodash": "^4.17.21"
            }
        }
    }
}
